{
    "bunny/bunny": {
        "version": "v0.4.0"
    },
    "enqueue/amqp-bunny": {
        "version": "0.8",
        "recipe": {
            "repo": "github.com/symfony/recipes-contrib",
            "branch": "master",
            "version": "0.8",
            "ref": "367ed088c05b18d7dc5aec06d6820d809486bca3"
        }
    },
    "enqueue/amqp-tools": {
        "version": "0.8.x-dev"
    },
    "enqueue/async-event-dispatcher": {
        "version": "0.7",
        "recipe": {
            "repo": "github.com/symfony/recipes-contrib",
            "branch": "master",
            "version": "0.7",
            "ref": "9e937ccb79e08b978f91fb816d4e6d645813113a"
        }
    },
    "enqueue/enqueue": {
        "version": "0.8.x-dev"
    },
    "enqueue/enqueue-bundle": {
        "version": "0.4",
        "recipe": {
            "repo": "github.com/symfony/recipes-contrib",
            "branch": "master",
            "version": "0.4",
            "ref": "daaea0035c3abd612f71f0288d5c20197c3c34ad"
        }
    },
    "enqueue/messenger-adapter": {
        "version": "1.0-dev"
    },
    "enqueue/null": {
        "version": "0.8.x-dev"
    },
    "paragonie/random_compat": {
        "version": "v9.99.99"
    },
    "psr/cache": {
        "version": "1.0.1"
    },
    "psr/container": {
        "version": "1.0.0"
    },
    "psr/log": {
        "version": "1.0.2"
    },
    "psr/simple-cache": {
        "version": "1.0.1"
    },
    "queue-interop/amqp-interop": {
        "version": "0.7.x-dev"
    },
    "queue-interop/queue-interop": {
        "version": "1.0-dev"
    },
    "ramsey/uuid": {
        "version": "3.x-dev"
    },
    "react/event-loop": {
        "version": "v1.0.0"
    },
    "react/promise": {
        "version": "2.x-dev"
    },
    "symfony/cache": {
        "version": "v4.1.1"
    },
    "symfony/config": {
        "version": "v4.1.1"
    },
    "symfony/console": {
        "version": "3.3",
        "recipe": {
            "repo": "github.com/symfony/recipes",
            "branch": "master",
            "version": "3.3",
            "ref": "e3868d2f4a5104f19f844fe551099a00c6562527"
        }
    },
    "symfony/debug": {
        "version": "v4.1.1"
    },
    "symfony/dependency-injection": {
        "version": "v4.1.1"
    },
    "symfony/dotenv": {
        "version": "v4.1.1"
    },
    "symfony/event-dispatcher": {
        "version": "v4.1.1"
    },
    "symfony/filesystem": {
        "version": "v4.1.1"
    },
    "symfony/finder": {
        "version": "v4.1.1"
    },
    "symfony/flex": {
        "version": "1.0",
        "recipe": {
            "repo": "github.com/symfony/recipes",
            "branch": "master",
            "version": "1.0",
            "ref": "e921bdbfe20cdefa3b82f379d1cd36df1bc8d115"
        }
    },
    "symfony/framework-bundle": {
        "version": "3.3",
        "recipe": {
            "repo": "github.com/symfony/recipes",
            "branch": "master",
            "version": "3.3",
            "ref": "87c585d24de9f43bca80ebcfd5cf5cb39445d95f"
        }
    },
    "symfony/http-foundation": {
        "version": "v4.1.1"
    },
    "symfony/http-kernel": {
        "version": "v4.1.1"
    },
    "symfony/lts": {
        "version": "4-dev"
    },
    "symfony/messenger": {
        "version": "4.1",
        "recipe": {
            "repo": "github.com/symfony/recipes",
            "branch": "master",
            "version": "4.1",
            "ref": "85ab0b55d90a8f3e29e1b685a71f5b37923a7f5e"
        }
    },
    "symfony/options-resolver": {
        "version": "4.1.x-dev"
    },
    "symfony/polyfill-mbstring": {
        "version": "v1.8.0"
    },
    "symfony/routing": {
        "version": "4.0",
        "recipe": {
            "repo": "github.com/symfony/recipes",
            "branch": "master",
            "version": "4.0",
            "ref": "cda8b550123383d25827705d05a42acf6819fe4e"
        }
    },
    "symfony/yaml": {
        "version": "v4.1.1"
    }
}
